
Microsoft Visual Studio Solution File, Format Version 12.00
# Visual Studio Version 17
VisualStudioVersion = 17.7.34202.233
MinimumVisualStudioVersion = 10.0.40219.1
Project("{FAE04EC0-301F-11D3-BF4B-00C04F79EFBC}") = "Xadrez.ConsoleApp", "Xadrez.ConsoleApp.csproj", "{2B5F4936-43D6-427D-9285-7E9CBEA23A14}"
EndProject
Global
	GlobalSection(SolutionConfigurationPlatforms) = preSolution
		Debug|Any CPU = Debug|Any CPU
		Release|Any CPU = Release|Any CPU
	EndGlobalSection
	GlobalSection(ProjectConfigurationPlatforms) = postSolution
		{2B5F4936-43D6-427D-9285-7E9CBEA23A14}.Debug|Any CPU.ActiveCfg = Debug|Any CPU
		{2B5F4936-43D6-427D-9285-7E9CBEA23A14}.Debug|Any CPU.Build.0 = Debug|Any CPU
		{2B5F4936-43D6-427D-9285-7E9CBEA23A14}.Release|Any CPU.ActiveCfg = Release|Any CPU
		{2B5F4936-43D6-427D-9285-7E9CBEA23A14}.Release|Any CPU.Build.0 = Release|Any CPU
	EndGlobalSection
	GlobalSection(SolutionProperties) = preSolution
		HideSolutionNode = FALSE
	EndGlobalSection
	GlobalSection(ExtensibilityGlobals) = postSolution
		SolutionGuid = {4D4B052D-835D-4D8C-8DFF-D6813804CE8E}
	EndGlobalSection
EndGlobal
